{
  "lockfile-version": 1,
  "manifest": {
    "version": 1,
    "install": {
      "ninja": {
        "pkg-path": "ninja"
      },
      "trtllm-tools": {
        "store-path": "/nix/store/7p9xd4gd02mvgknb3s719p66izzv028d-trtllm-tools-2.66.0",
        "systems": [
          "x86_64-linux"
        ]
      }
    },
    "hook": {},
    "profile": {
      "common": "  echo \"TRT-LLM Tools Environment (tensorrt_llm 1.1.0, Python 3.12)\"\n  echo \"Available commands: trtllm-build, trtllm-bench, trtllm-eval,\"\n  echo \"  trtllm-prune, trtllm-refit, trtllm-serve, trtexec\"\n"
    },
    "options": {
      "systems": [
        "x86_64-linux"
      ]
    }
  },
  "packages": [
    {
      "install_id": "trtllm-tools",
      "store_path": "/nix/store/7p9xd4gd02mvgknb3s719p66izzv028d-trtllm-tools-2.66.0",
      "system": "x86_64-linux",
      "priority": 5
    },
    {
      "attr_path": "ninja",
      "broken": false,
      "derivation": "/nix/store/nmsm38bdg51jrk31k5wrzlbhxg3998pc-ninja-1.13.2.drv",
      "description": "Small build system with a focus on speed",
      "install_id": "ninja",
      "license": "Apache-2.0",
      "locked_url": "https://github.com/flox/nixpkgs?rev=2fc6539b481e1d2569f25f8799236694180c0993",
      "name": "ninja-1.13.2",
      "pname": "ninja",
      "rev": "2fc6539b481e1d2569f25f8799236694180c0993",
      "rev_count": 953160,
      "rev_date": "2026-02-23T12:05:20Z",
      "scrape_date": "2026-02-25T07:00:50.348159Z",
      "stabilities": [
        "unstable",
        "staging",
        "stable"
      ],
      "unfree": false,
      "version": "1.13.2",
      "outputs_to_install": [
        "out",
        "out"
      ],
      "outputs": {
        "out": "/nix/store/4siii6hvzs9ymbq37k04vcpx6xnybz21-ninja-1.13.2"
      },
      "system": "x86_64-linux",
      "group": "toplevel",
      "priority": 5
    }
  ]
}
